dependencies:
- name: redis
  repository: https://charts.bitnami.com/bitnami
  version: 17.3.14
- name: kafka
  repository: https://charts.bitnami.com/bitnami
  version: 21.0.1
- name: zookeeper
  repository: https://charts.bitnami.com/bitnami
  version: 11.0.1
digest: sha256:f438f2a62af7eac8b9f03366a997edca06e1d57f4e81144e9e67fb2a92563c31
generated: "2024-07-10T12:10:19.482883+03:00"
