dependencies:
- name: redis
  repository: https://charts.bitnami.com/bitnami
  version: 19.6.1
- name: kafka
  repository: https://charts.bitnami.com/bitnami
  version: 29.3.7
digest: sha256:1d1438c250b29b37fb4f2977c6e0f811c8a6e03847ae4a9751fa1f7fc092083f
generated: "2024-07-09T15:02:27.750121+03:00"
